
Microsoft Visual Studio Solution File, Format Version 12.00
# Visual Studio 15
VisualStudioVersion = 15.0.28010.2041
MinimumVisualStudioVersion = 10.0.40219.1
Project("{FAE04EC0-301F-11D3-BF4B-00C04F79EFBC}") = "DelegateInheritance", "DelegateInheritance\DelegateInheritance.csproj", "{6E6F4386-B994-4419-BF93-146FF573CC07}"
EndProject
Global
	GlobalSection(SolutionConfigurationPlatforms) = preSolution
		Debug|Any CPU = Debug|Any CPU
		Release|Any CPU = Release|Any CPU
	EndGlobalSection
	GlobalSection(ProjectConfigurationPlatforms) = postSolution
		{6E6F4386-B994-4419-BF93-146FF573CC07}.Debug|Any CPU.ActiveCfg = Debug|Any CPU
		{6E6F4386-B994-4419-BF93-146FF573CC07}.Debug|Any CPU.Build.0 = Debug|Any CPU
		{6E6F4386-B994-4419-BF93-146FF573CC07}.Release|Any CPU.ActiveCfg = Release|Any CPU
		{6E6F4386-B994-4419-BF93-146FF573CC07}.Release|Any CPU.Build.0 = Release|Any CPU
	EndGlobalSection
	GlobalSection(SolutionProperties) = preSolution
		HideSolutionNode = FALSE
	EndGlobalSection
	GlobalSection(ExtensibilityGlobals) = postSolution
		SolutionGuid = {3A3972AD-1331-4230-B86A-3C3DEA120295}
	EndGlobalSection
EndGlobal
